
Microsoft Visual Studio Solution File, Format Version 12.00
# Visual Studio 15
VisualStudioVersion = 15.0.27617.1
MinimumVisualStudioVersion = 10.0.40219.1
Project("{9A19103F-16F7-4668-BE54-9A1E7A4F7556}") = "blazor_app", "blazor_app.csproj", "{868E219B-B3B1-4AC2-A55B-901BF70D1B97}"
EndProject
Global
	GlobalSection(SolutionConfigurationPlatforms) = preSolution
		Debug|Any CPU = Debug|Any CPU
		Release|Any CPU = Release|Any CPU
	EndGlobalSection
	GlobalSection(ProjectConfigurationPlatforms) = postSolution
		{868E219B-B3B1-4AC2-A55B-901BF70D1B97}.Debug|Any CPU.ActiveCfg = Debug|Any CPU
		{868E219B-B3B1-4AC2-A55B-901BF70D1B97}.Debug|Any CPU.Build.0 = Debug|Any CPU
		{868E219B-B3B1-4AC2-A55B-901BF70D1B97}.Release|Any CPU.ActiveCfg = Release|Any CPU
		{868E219B-B3B1-4AC2-A55B-901BF70D1B97}.Release|Any CPU.Build.0 = Release|Any CPU
		{0AC3B393-EAC3-4E0F-B7C0-3F8DAF677A8D}.Debug|Any CPU.ActiveCfg = Debug|Any CPU
		{0AC3B393-EAC3-4E0F-B7C0-3F8DAF677A8D}.Debug|Any CPU.Build.0 = Debug|Any CPU
		{0AC3B393-EAC3-4E0F-B7C0-3F8DAF677A8D}.Release|Any CPU.ActiveCfg = Release|Any CPU
		{0AC3B393-EAC3-4E0F-B7C0-3F8DAF677A8D}.Release|Any CPU.Build.0 = Release|Any CPU
	EndGlobalSection
	GlobalSection(SolutionProperties) = preSolution
		HideSolutionNode = FALSE
	EndGlobalSection
	GlobalSection(ExtensibilityGlobals) = postSolution
		SolutionGuid = {8681EB9E-0BD3-4E7B-A92E-C9322E185609}
	EndGlobalSection
EndGlobal
