
Microsoft Visual Studio Solution File, Format Version 12.00
# Visual Studio Express 2013 for Windows Desktop
VisualStudioVersion = 12.0.30501.0
MinimumVisualStudioVersion = 10.0.40219.1
Project("{F2A71F9B-5D33-465A-A702-920D77279786}") = "protoc", "protoc\protoc.fsproj", "{6EEF5B85-37AA-469B-9DDA-12DE764054F5}"
EndProject
Project("{F2A71F9B-5D33-465A-A702-920D77279786}") = "protobuf", "protobuf\protobuf.fsproj", "{2F7EA920-6896-4569-946A-DC7D07A4A49A}"
EndProject
Project("{F2A71F9B-5D33-465A-A702-920D77279786}") = "protobuf.tp", "protobuf.tp\protobuf.tp.fsproj", "{3192DAF2-2BF7-402B-A1DE-E8ED0551279E}"
EndProject
Global
	GlobalSection(SolutionConfigurationPlatforms) = preSolution
		Debug|Any CPU = Debug|Any CPU
		Release|Any CPU = Release|Any CPU
	EndGlobalSection
	GlobalSection(ProjectConfigurationPlatforms) = postSolution
		{6EEF5B85-37AA-469B-9DDA-12DE764054F5}.Debug|Any CPU.ActiveCfg = Debug|Any CPU
		{6EEF5B85-37AA-469B-9DDA-12DE764054F5}.Debug|Any CPU.Build.0 = Debug|Any CPU
		{6EEF5B85-37AA-469B-9DDA-12DE764054F5}.Release|Any CPU.ActiveCfg = Release|Any CPU
		{6EEF5B85-37AA-469B-9DDA-12DE764054F5}.Release|Any CPU.Build.0 = Release|Any CPU
		{2F7EA920-6896-4569-946A-DC7D07A4A49A}.Debug|Any CPU.ActiveCfg = Debug|Any CPU
		{2F7EA920-6896-4569-946A-DC7D07A4A49A}.Debug|Any CPU.Build.0 = Debug|Any CPU
		{2F7EA920-6896-4569-946A-DC7D07A4A49A}.Release|Any CPU.ActiveCfg = Release|Any CPU
		{2F7EA920-6896-4569-946A-DC7D07A4A49A}.Release|Any CPU.Build.0 = Release|Any CPU
		{3192DAF2-2BF7-402B-A1DE-E8ED0551279E}.Debug|Any CPU.ActiveCfg = Debug|Any CPU
		{3192DAF2-2BF7-402B-A1DE-E8ED0551279E}.Debug|Any CPU.Build.0 = Debug|Any CPU
		{3192DAF2-2BF7-402B-A1DE-E8ED0551279E}.Release|Any CPU.ActiveCfg = Release|Any CPU
		{3192DAF2-2BF7-402B-A1DE-E8ED0551279E}.Release|Any CPU.Build.0 = Release|Any CPU
	EndGlobalSection
	GlobalSection(SolutionProperties) = preSolution
		HideSolutionNode = FALSE
	EndGlobalSection
EndGlobal
