
Microsoft Visual Studio Solution File, Format Version 12.00
# Visual Studio 2013
VisualStudioVersion = 12.0.21005.1
MinimumVisualStudioVersion = 10.0.40219.1
Project("{F2A71F9B-5D33-465A-A702-920D77279786}") = "mst", "mst\mst.fsproj", "{4604B83B-43B9-4079-B9D5-BDF3813F0E3F}"
EndProject
Project("{FAE04EC0-301F-11D3-BF4B-00C04F79EFBC}") = "SimpleGUI", "SimpleGUI\SimpleGUI.csproj", "{0786BB45-D9E6-4323-9684-541531C4BF1B}"
EndProject
Project("{FAE04EC0-301F-11D3-BF4B-00C04F79EFBC}") = "mst.lowlevel", "mst.lowlevel\mst.lowlevel.csproj", "{446424B3-0845-4DDD-8DE8-EE86B744B48B}"
EndProject
Project("{FAE04EC0-301F-11D3-BF4B-00C04F79EFBC}") = "mst.lowlevel.test", "mst.lowlevel.test\mst.lowlevel.test.csproj", "{05484281-6849-4504-8D46-9E7695EB7F6B}"
EndProject
Global
	GlobalSection(SolutionConfigurationPlatforms) = preSolution
		Debug|Any CPU = Debug|Any CPU
		Release|Any CPU = Release|Any CPU
	EndGlobalSection
	GlobalSection(ProjectConfigurationPlatforms) = postSolution
		{4604B83B-43B9-4079-B9D5-BDF3813F0E3F}.Debug|Any CPU.ActiveCfg = Debug|Any CPU
		{4604B83B-43B9-4079-B9D5-BDF3813F0E3F}.Debug|Any CPU.Build.0 = Debug|Any CPU
		{4604B83B-43B9-4079-B9D5-BDF3813F0E3F}.Release|Any CPU.ActiveCfg = Release|Any CPU
		{4604B83B-43B9-4079-B9D5-BDF3813F0E3F}.Release|Any CPU.Build.0 = Release|Any CPU
		{0786BB45-D9E6-4323-9684-541531C4BF1B}.Debug|Any CPU.ActiveCfg = Debug|Any CPU
		{0786BB45-D9E6-4323-9684-541531C4BF1B}.Debug|Any CPU.Build.0 = Debug|Any CPU
		{0786BB45-D9E6-4323-9684-541531C4BF1B}.Release|Any CPU.ActiveCfg = Release|Any CPU
		{0786BB45-D9E6-4323-9684-541531C4BF1B}.Release|Any CPU.Build.0 = Release|Any CPU
		{446424B3-0845-4DDD-8DE8-EE86B744B48B}.Debug|Any CPU.ActiveCfg = Debug|Any CPU
		{446424B3-0845-4DDD-8DE8-EE86B744B48B}.Debug|Any CPU.Build.0 = Debug|Any CPU
		{446424B3-0845-4DDD-8DE8-EE86B744B48B}.Release|Any CPU.ActiveCfg = Release|Any CPU
		{446424B3-0845-4DDD-8DE8-EE86B744B48B}.Release|Any CPU.Build.0 = Release|Any CPU
		{05484281-6849-4504-8D46-9E7695EB7F6B}.Debug|Any CPU.ActiveCfg = Debug|Any CPU
		{05484281-6849-4504-8D46-9E7695EB7F6B}.Debug|Any CPU.Build.0 = Debug|Any CPU
		{05484281-6849-4504-8D46-9E7695EB7F6B}.Release|Any CPU.ActiveCfg = Release|Any CPU
		{05484281-6849-4504-8D46-9E7695EB7F6B}.Release|Any CPU.Build.0 = Release|Any CPU
	EndGlobalSection
	GlobalSection(SolutionProperties) = preSolution
		HideSolutionNode = FALSE
	EndGlobalSection
EndGlobal
