
Microsoft Visual Studio Solution File, Format Version 12.00
# Visual Studio 14
VisualStudioVersion = 14.0.22129.1
MinimumVisualStudioVersion = 10.0.40219.1
Project("{8BC9CEB8-8B4A-11D0-8D11-00A0C91BC942}") = "cppsync", "cppsync\cppsync.vcxproj", "{5242B2E7-632F-4DFB-92EA-B43E11AA819B}"
EndProject
Project("{8BC9CEB8-8B4A-11D0-8D11-00A0C91BC942}") = "test", "test\test.vcxproj", "{E8BF89C7-F69A-4DE8-A56E-0D281A8B2D4A}"
EndProject
Global
	GlobalSection(SolutionConfigurationPlatforms) = preSolution
		Debug|Win32 = Debug|Win32
		Release|Win32 = Release|Win32
	EndGlobalSection
	GlobalSection(ProjectConfigurationPlatforms) = postSolution
		{5242B2E7-632F-4DFB-92EA-B43E11AA819B}.Debug|Win32.ActiveCfg = Debug|Win32
		{5242B2E7-632F-4DFB-92EA-B43E11AA819B}.Debug|Win32.Build.0 = Debug|Win32
		{5242B2E7-632F-4DFB-92EA-B43E11AA819B}.Release|Win32.ActiveCfg = Release|Win32
		{5242B2E7-632F-4DFB-92EA-B43E11AA819B}.Release|Win32.Build.0 = Release|Win32
		{E8BF89C7-F69A-4DE8-A56E-0D281A8B2D4A}.Debug|Win32.ActiveCfg = Debug|Win32
		{E8BF89C7-F69A-4DE8-A56E-0D281A8B2D4A}.Debug|Win32.Build.0 = Debug|Win32
		{E8BF89C7-F69A-4DE8-A56E-0D281A8B2D4A}.Release|Win32.ActiveCfg = Release|Win32
		{E8BF89C7-F69A-4DE8-A56E-0D281A8B2D4A}.Release|Win32.Build.0 = Release|Win32
	EndGlobalSection
	GlobalSection(SolutionProperties) = preSolution
		HideSolutionNode = FALSE
	EndGlobalSection
EndGlobal
