
Microsoft Visual Studio Solution File, Format Version 12.00
# Visual Studio 2013
VisualStudioVersion = 12.0.21005.1
MinimumVisualStudioVersion = 10.0.40219.1
Project("{F2A71F9B-5D33-465A-A702-920D77279786}") = "turtle", "turtle\turtle.fsproj", "{05E27B5C-A8DC-40CB-91B3-C6730EA306DC}"
EndProject
Global
	GlobalSection(SolutionConfigurationPlatforms) = preSolution
		Debug|Any CPU = Debug|Any CPU
		Release|Any CPU = Release|Any CPU
	EndGlobalSection
	GlobalSection(ProjectConfigurationPlatforms) = postSolution
		{05E27B5C-A8DC-40CB-91B3-C6730EA306DC}.Debug|Any CPU.ActiveCfg = Debug|Any CPU
		{05E27B5C-A8DC-40CB-91B3-C6730EA306DC}.Debug|Any CPU.Build.0 = Debug|Any CPU
		{05E27B5C-A8DC-40CB-91B3-C6730EA306DC}.Release|Any CPU.ActiveCfg = Release|Any CPU
		{05E27B5C-A8DC-40CB-91B3-C6730EA306DC}.Release|Any CPU.Build.0 = Release|Any CPU
	EndGlobalSection
	GlobalSection(SolutionProperties) = preSolution
		HideSolutionNode = FALSE
	EndGlobalSection
EndGlobal
